{
  "nodes": {
    "crane": {
      "locked": {
        "lastModified": 1769737823,
        "narHash": "sha256-DrBaNpZ+sJ4stXm+0nBX7zqZT9t9P22zbk6m5YhQxS4=",
        "owner": "ipetkov",
        "repo": "crane",
        "rev": "b2f45c3830aa96b7456a4c4bc327d04d7a43e1ba",
        "type": "github"
      },
      "original": {
        "owner": "ipetkov",
        "repo": "crane",
        "type": "github"
      }
    },
    "flake-parts": {
      "inputs": {
        "nixpkgs-lib": "nixpkgs-lib"
      },
      "locked": {
        "lastModified": 1787559586,
        "narHash": "sha256-onL0VLf9vPllmT0H/OlURIU5r5t5WIEl7t4tVNKT0Nw=",
        "owner": "hercules-ci",
        "repo": "flake-parts",
        "rev": "9d0d87172c374f89da73c1cfe6d81ae62feac1f1",
        "type": "github"
      },
      "original": {
        "owner": "hercules-ci",
        "repo": "flake-parts",
        "type": "github"
      }
    },
    "flake-parts_2": {
      "inputs": {
        "nixpkgs-lib": "nixpkgs-lib_2"
      },
      "locked": {
        "lastModified": 1769996383,
        "narHash": "sha256-AnYjnFWgS49RlqX7LrC4uA+sCCDBj0Ry/WOJ5XWAsa0=",
        "owner": "hercules-ci",
        "repo": "flake-parts",
        "rev": "57928607ea566b5db3ad13af0e57e921e6b12381",
        "type": "github"
      },
      "original": {
        "owner": "hercules-ci",
        "repo": "flake-parts",
        "type": "github"
      }
    },
    "home-manager": {
      "inputs": {
        "nixpkgs": [
          "nixpkgs"
        ]
      },
      "locked": {
        "lastModified": 1787680808,
        "narHash": "sha256-9168tNt0NZdtlx5RM5huEuc9NCWMLACJA9O4UK/l2Zc=",
        "owner": "nix-community",
        "repo": "home-manager",
        "rev": "6840c9a8f50722944eb106ce8bb237c138584f2a",
        "type": "github"
      },
      "original": {
        "owner": "nix-community",
        "repo": "home-manager",
        "type": "github"
      }
    },
    "nixpkgs": {
      "locked": {
        "lastModified": 1787498568,
        "narHash": "sha256-9i/VTdusq/+NM/tz+J1Re+ojkMB8MBf0QshnYfzHz30=",
        "owner": "NixOS",
        "repo": "nixpkgs",
        "rev": "56c02bc00adcf003215cc4bd996d6efaf4cff188",
        "type": "github"
      },
      "original": {
        "owner": "NixOS",
        "ref": "nixos-unstable",
        "repo": "nixpkgs",
        "type": "github"
      }
    },
    "nixpkgs-lib": {
      "locked": {
        "lastModified": 1785031560,
        "narHash": "sha256-OmshNvn2vupOFpYinLUu+1Dnpu4n7Q5N3ggGVNHpkUI=",
        "owner": "nix-community",
        "repo": "nixpkgs.lib",
        "rev": "0e79af5e3d4dcfcd676ab5ba3f95d2e3352e078c",
        "type": "github"
      },
      "original": {
        "owner": "nix-community",
        "repo": "nixpkgs.lib",
        "type": "github"
      }
    },
    "nixpkgs-lib_2": {
      "locked": {
        "lastModified": 1769909678,
        "narHash": "sha256-cBEymOf4/o3FD5AZnzC3J9hLbiZ+QDT/KDuyHXVJOpM=",
        "owner": "nix-community",
        "repo": "nixpkgs.lib",
        "rev": "72716169fe93074c333e8d0173151350670b824c",
        "type": "github"
      },
      "original": {
        "owner": "nix-community",
        "repo": "nixpkgs.lib",
        "type": "github"
      }
    },
    "nixpkgs_2": {
      "locked": {
        "lastModified": 1787424095,
        "narHash": "sha256-dWLO5AHhKaw6rdWCtTes8hnntT1r0/J5yhQGm0f0ZgU=",
        "owner": "NixOS",
        "repo": "nixpkgs",
        "rev": "174eb786fb68e3a13e4e535a3deea479a0c07a6a",
        "type": "github"
      },
      "original": {
        "owner": "NixOS",
        "ref": "nixpkgs-unstable",
        "repo": "nixpkgs",
        "type": "github"
      }
    },
    "nixpkgs_3": {
      "locked": {
        "lastModified": 1769789167,
        "narHash": "sha256-kKB3bqYJU5nzYeIROI82Ef9VtTbu4uA3YydSk/Bioa8=",
        "owner": "NixOS",
        "repo": "nixpkgs",
        "rev": "62c8382960464ceb98ea593cb8321a2cf8f9e3e5",
        "type": "github"
      },
      "original": {
        "owner": "NixOS",
        "ref": "nixos-unstable",
        "repo": "nixpkgs",
        "type": "github"
      }
    },
    "packages": {
      "inputs": {
        "nixpkgs": [
          "nixpkgs"
        ]
      },
      "locked": {
        "lastModified": 1787602935,
        "narHash": "sha256-Y2LJhf2hB6RifAAgV01QllH/JyOBg65zqf4ew++dTs4=",
        "owner": "viicslen-nix",
        "repo": "packages",
        "rev": "5a959f60b8ffa8f3ac9a1aadabe4bcb4c0faf478",
        "type": "github"
      },
      "original": {
        "owner": "viicslen-nix",
        "repo": "packages",
        "type": "github"
      }
    },
    "phpantom-lsp-src": {
      "flake": false,
      "locked": {
        "lastModified": 1787679899,
        "narHash": "sha256-yNuvw5XttTigoyufjm0mc5CONMZ16+EkYWQSIHWv3/E=",
        "owner": "AJenbo",
        "repo": "phpantom_lsp",
        "rev": "f864284ff100c33332ea751ece0a9d8b71beaff5",
        "type": "github"
      },
      "original": {
        "owner": "AJenbo",
        "repo": "phpantom_lsp",
        "type": "github"
      }
    },
    "root": {
      "inputs": {
        "flake-parts": "flake-parts",
        "home-manager": "home-manager",
        "nixpkgs": "nixpkgs",
        "packages": "packages",
        "phpantom-lsp-src": "phpantom-lsp-src",
        "zed-extensions": "zed-extensions",
        "zed-upstream": "zed-upstream"
      }
    },
    "rust-overlay": {
      "inputs": {
        "nixpkgs": [
          "zed-extensions",
          "nixpkgs"
        ]
      },
      "locked": {
        "lastModified": 1787627053,
        "narHash": "sha256-QdVaU2WSCKsxZ0sBDIRnaaukp6Z5IMUE0gDEDoSRJd0=",
        "owner": "oxalica",
        "repo": "rust-overlay",
        "rev": "132a10336af9ae819bdf640c0dd1c789b12d7107",
        "type": "github"
      },
      "original": {
        "owner": "oxalica",
        "repo": "rust-overlay",
        "type": "github"
      }
    },
    "rust-overlay_2": {
      "inputs": {
        "nixpkgs": [
          "zed-upstream",
          "nixpkgs"
        ]
      },
      "locked": {
        "lastModified": 1786247265,
        "narHash": "sha256-cVTcTqAhzSNMOVddtBhFpuv+Vx6/SgrhgZWJiI61H24=",
        "owner": "oxalica",
        "repo": "rust-overlay",
        "rev": "6df7076ea0f5697e3242719a4c71211f00411cf5",
        "type": "github"
      },
      "original": {
        "owner": "oxalica",
        "repo": "rust-overlay",
        "type": "github"
      }
    },
    "zed-extensions": {
      "inputs": {
        "nixpkgs": "nixpkgs_2",
        "rust-overlay": "rust-overlay"
      },
      "locked": {
        "lastModified": 1787673762,
        "narHash": "sha256-TyraeplPBUqSL2R6Fx5me+MKcohXF2mf9kDOMRu5a+s=",
        "owner": "DuskSystems",
        "repo": "nix-zed-extensions",
        "rev": "57fab28dd2d79e3311a4be040481a2414791687d",
        "type": "github"
      },
      "original": {
        "owner": "DuskSystems",
        "repo": "nix-zed-extensions",
        "type": "github"
      }
    },
    "zed-upstream": {
      "inputs": {
        "crane": "crane",
        "flake-parts": "flake-parts_2",
        "nixpkgs": "nixpkgs_3",
        "rust-overlay": "rust-overlay_2"
      },
      "locked": {
        "lastModified": 1787680569,
        "narHash": "sha256-KQT0xy8zmEMIVEP+Kf2BcbzJSpebE/BqEFH728T9OpE=",
        "owner": "zed-industries",
        "repo": "zed",
        "rev": "1ff7cb669b6351eaf2a5b79ccb40f5cd1676b8f8",
        "type": "github"
      },
      "original": {
        "owner": "zed-industries",
        "repo": "zed",
        "type": "github"
      }
    }
  },
  "root": "root",
  "version": 7
}
